
Microsoft Visual Studio Solution File, Format Version 12.00
# Visual Studio Version 16
VisualStudioVersion = 16.0.30114.105
MinimumVisualStudioVersion = 10.0.40219.1
Project("{FAE04EC0-301F-11D3-BF4B-00C04F79EFBC}") = "renwu5", "renwu5\renwu5.csproj", "{A35728FF-98CB-4698-BF9E-5911AA78BE84}"
EndProject
Global
	GlobalSection(SolutionConfigurationPlatforms) = preSolution
		Debug|Any CPU = Debug|Any CPU
		Release|Any CPU = Release|Any CPU
	EndGlobalSection
	GlobalSection(ProjectConfigurationPlatforms) = postSolution
		{A35728FF-98CB-4698-BF9E-5911AA78BE84}.Debug|Any CPU.ActiveCfg = Debug|Any CPU
		{A35728FF-98CB-4698-BF9E-5911AA78BE84}.Debug|Any CPU.Build.0 = Debug|Any CPU
		{A35728FF-98CB-4698-BF9E-5911AA78BE84}.Release|Any CPU.ActiveCfg = Release|Any CPU
		{A35728FF-98CB-4698-BF9E-5911AA78BE84}.Release|Any CPU.Build.0 = Release|Any CPU
	EndGlobalSection
	GlobalSection(SolutionProperties) = preSolution
		HideSolutionNode = FALSE
	EndGlobalSection
	GlobalSection(ExtensibilityGlobals) = postSolution
		SolutionGuid = {5D9D7D6B-C115-4B30-A3EB-5E5E3E1B63B4}
	EndGlobalSection
EndGlobal
